// !$*UTF8*$!
{
	archiveVersion = 1;
	classes = {
	};
	objectVersion = 55;
	objects = {

/* Begin PBXBuildFile section */
		FE04A0F928AB74E400EA6EED /* BatteryCell.swift in Sources */ = {isa = PBXBuildFile; fileRef = FE04A0F828AB74E400EA6EED /* BatteryCell.swift */; };
		FE30B98B28AB6FC1009D4FC5 /* PvCell.swift in Sources */ = {isa = PBXBuildFile; fileRef = FE30B98A28AB6FC1009D4FC5 /* PvCell.swift */; };
		FE664EB928ABBF9B006ECF91 /* Color+Extensions.swift in Sources */ = {isa = PBXBuildFile; fileRef = FE664EB828ABBF9B006ECF91 /* Color+Extensions.swift */; };
		FE794BA528AAD29600265FAB /* ConsumptionCell.swift in Sources */ = {isa = PBXBuildFile; fileRef = FE794BA428AAD29600265FAB /* ConsumptionCell.swift */; };
		FE8FDF8028AA738200581578 /* MyPV WatchKit App.app in Embed Watch Content */ = {isa = PBXBuildFile; fileRef = FE8FDF7F28AA738200581578 /* MyPV WatchKit App.app */; settings = {ATTRIBUTES = (RemoveHeadersOnCopy, ); }; };
		FE8FDF8528AA738300581578 /* Assets.xcassets in Resources */ = {isa = PBXBuildFile; fileRef = FE8FDF8428AA738300581578 /* Assets.xcassets */; };
		FE8FDF8B28AA738300581578 /* MyPV WatchKit Extension.appex in Embed App Extensions */ = {isa = PBXBuildFile; fileRef = FE8FDF8A28AA738300581578 /* MyPV WatchKit Extension.appex */; settings = {ATTRIBUTES = (RemoveHeadersOnCopy, ); }; };
		FE8FDF9028AA738300581578 /* MyPVApp.swift in Sources */ = {isa = PBXBuildFile; fileRef = FE8FDF8F28AA738300581578 /* MyPVApp.swift */; };
		FE8FDF9228AA738300581578 /* ContentView.swift in Sources */ = {isa = PBXBuildFile; fileRef = FE8FDF9128AA738300581578 /* ContentView.swift */; };
		FE8FDF9428AA738300581578 /* NotificationController.swift in Sources */ = {isa = PBXBuildFile; fileRef = FE8FDF9328AA738300581578 /* NotificationController.swift */; };
		FE8FDF9628AA738300581578 /* NotificationView.swift in Sources */ = {isa = PBXBuildFile; fileRef = FE8FDF9528AA738300581578 /* NotificationView.swift */; };
		FE8FDF9828AA738300581578 /* ComplicationController.swift in Sources */ = {isa = PBXBuildFile; fileRef = FE8FDF9728AA738300581578 /* ComplicationController.swift */; };
		FE8FDF9A28AA738400581578 /* Assets.xcassets in Resources */ = {isa = PBXBuildFile; fileRef = FE8FDF9928AA738400581578 /* Assets.xcassets */; };
		FE8FDF9D28AA738400581578 /* Preview Assets.xcassets in Resources */ = {isa = PBXBuildFile; fileRef = FE8FDF9C28AA738400581578 /* Preview Assets.xcassets */; };
		FE8FDFA928AA738400581578 /* MyPVTests.swift in Sources */ = {isa = PBXBuildFile; fileRef = FE8FDFA828AA738400581578 /* MyPVTests.swift */; };
		FE8FDFB328AA738400581578 /* MyPVUITests.swift in Sources */ = {isa = PBXBuildFile; fileRef = FE8FDFB228AA738400581578 /* MyPVUITests.swift */; };
		FE8FDFB528AA738400581578 /* MyPVUITestsLaunchTests.swift in Sources */ = {isa = PBXBuildFile; fileRef = FE8FDFB428AA738400581578 /* MyPVUITestsLaunchTests.swift */; };
		FE8FDFCA28AA73C900581578 /* Constants.swift in Sources */ = {isa = PBXBuildFile; fileRef = FE8FDFC928AA73C900581578 /* Constants.swift */; };
		FE8FDFCC28AA741A00581578 /* DataRepository.swift in Sources */ = {isa = PBXBuildFile; fileRef = FE8FDFCB28AA741A00581578 /* DataRepository.swift */; };
		FE8FDFCE28AA777400581578 /* MainViewModel.swift in Sources */ = {isa = PBXBuildFile; fileRef = FE8FDFCD28AA777400581578 /* MainViewModel.swift */; };
		FECEB7E828ABCF55001C478D /* ExtensionDelegate.swift in Sources */ = {isa = PBXBuildFile; fileRef = FECEB7E728ABCF55001C478D /* ExtensionDelegate.swift */; };
/* End PBXBuildFile section */

/* Begin PBXContainerItemProxy section */
		FE8FDF8128AA738200581578 /* PBXContainerItemProxy */ = {
			isa = PBXContainerItemProxy;
			containerPortal = FE8FDF7528AA738200581578 /* Project object */;
			proxyType = 1;
			remoteGlobalIDString = FE8FDF7E28AA738200581578;
			remoteInfo = "MyPV WatchKit App";
		};
		FE8FDF8C28AA738300581578 /* PBXContainerItemProxy */ = {
			isa = PBXContainerItemProxy;
			containerPortal = FE8FDF7528AA738200581578 /* Project object */;
			proxyType = 1;
			remoteGlobalIDString = FE8FDF8928AA738300581578;
			remoteInfo = "MyPV WatchKit Extension";
		};
		FE8FDFA528AA738400581578 /* PBXContainerItemProxy */ = {
			isa = PBXContainerItemProxy;
			containerPortal = FE8FDF7528AA738200581578 /* Project object */;
			proxyType = 1;
			remoteGlobalIDString = FE8FDF8928AA738300581578;
			remoteInfo = "MyPV WatchKit Extension";
		};
		FE8FDFAF28AA738400581578 /* PBXContainerItemProxy */ = {
			isa = PBXContainerItemProxy;
			containerPortal = FE8FDF7528AA738200581578 /* Project object */;
			proxyType = 1;
			remoteGlobalIDString = FE8FDF7E28AA738200581578;
			remoteInfo = "MyPV WatchKit App";
		};
/* End PBXContainerItemProxy section */

/* Begin PBXCopyFilesBuildPhase section */
		FE8FDFBB28AA738400581578 /* Embed App Extensions */ = {
			isa = PBXCopyFilesBuildPhase;
			buildActionMask = 2147483647;
			dstPath = "";
			dstSubfolderSpec = 13;
			files = (
				FE8FDF8B28AA738300581578 /* MyPV WatchKit Extension.appex in Embed App Extensions */,
			);
			name = "Embed App Extensions";
			runOnlyForDeploymentPostprocessing = 0;
		};
		FE8FDFBF28AA738400581578 /* Embed Watch Content */ = {
			isa = PBXCopyFilesBuildPhase;
			buildActionMask = 2147483647;
			dstPath = "$(CONTENTS_FOLDER_PATH)/Watch";
			dstSubfolderSpec = 16;
			files = (
				FE8FDF8028AA738200581578 /* MyPV WatchKit App.app in Embed Watch Content */,
			);
			name = "Embed Watch Content";
			runOnlyForDeploymentPostprocessing = 0;
		};
/* End PBXCopyFilesBuildPhase section */

/* Begin PBXFileReference section */
		FE04A0F828AB74E400EA6EED /* BatteryCell.swift */ = {isa = PBXFileReference; fileEncoding = 4; lastKnownFileType = sourcecode.swift; path = BatteryCell.swift; sourceTree = "<group>"; };
		FE30B98A28AB6FC1009D4FC5 /* PvCell.swift */ = {isa = PBXFileReference; fileEncoding = 4; lastKnownFileType = sourcecode.swift; path = PvCell.swift; sourceTree = "<group>"; };
		FE664EB828ABBF9B006ECF91 /* Color+Extensions.swift */ = {isa = PBXFileReference; lastKnownFileType = sourcecode.swift; path = "Color+Extensions.swift"; sourceTree = "<group>"; };
		FE794BA428AAD29600265FAB /* ConsumptionCell.swift */ = {isa = PBXFileReference; lastKnownFileType = sourcecode.swift; path = ConsumptionCell.swift; sourceTree = "<group>"; };
		FE8FDF7B28AA738200581578 /* MyPV.app */ = {isa = PBXFileReference; explicitFileType = wrapper.application; includeInIndex = 0; path = MyPV.app; sourceTree = BUILT_PRODUCTS_DIR; };
		FE8FDF7F28AA738200581578 /* MyPV WatchKit App.app */ = {isa = PBXFileReference; explicitFileType = wrapper.application; includeInIndex = 0; path = "MyPV WatchKit App.app"; sourceTree = BUILT_PRODUCTS_DIR; };
		FE8FDF8428AA738300581578 /* Assets.xcassets */ = {isa = PBXFileReference; lastKnownFileType = folder.assetcatalog; path = Assets.xcassets; sourceTree = "<group>"; };
		FE8FDF8A28AA738300581578 /* MyPV WatchKit Extension.appex */ = {isa = PBXFileReference; explicitFileType = "wrapper.app-extension"; includeInIndex = 0; path = "MyPV WatchKit Extension.appex"; sourceTree = BUILT_PRODUCTS_DIR; };
		FE8FDF8F28AA738300581578 /* MyPVApp.swift */ = {isa = PBXFileReference; lastKnownFileType = sourcecode.swift; path = MyPVApp.swift; sourceTree = "<group>"; };
		FE8FDF9128AA738300581578 /* ContentView.swift */ = {isa = PBXFileReference; lastKnownFileType = sourcecode.swift; path = ContentView.swift; sourceTree = "<group>"; };
		FE8FDF9328AA738300581578 /* NotificationController.swift */ = {isa = PBXFileReference; lastKnownFileType = sourcecode.swift; path = NotificationController.swift; sourceTree = "<group>"; };
		FE8FDF9528AA738300581578 /* NotificationView.swift */ = {isa = PBXFileReference; lastKnownFileType = sourcecode.swift; path = NotificationView.swift; sourceTree = "<group>"; };
		FE8FDF9728AA738300581578 /* ComplicationController.swift */ = {isa = PBXFileReference; lastKnownFileType = sourcecode.swift; path = ComplicationController.swift; sourceTree = "<group>"; };
		FE8FDF9928AA738400581578 /* Assets.xcassets */ = {isa = PBXFileReference; lastKnownFileType = folder.assetcatalog; path = Assets.xcassets; sourceTree = "<group>"; };
		FE8FDF9C28AA738400581578 /* Preview Assets.xcassets */ = {isa = PBXFileReference; lastKnownFileType = folder.assetcatalog; path = "Preview Assets.xcassets"; sourceTree = "<group>"; };
		FE8FDF9E28AA738400581578 /* Info.plist */ = {isa = PBXFileReference; lastKnownFileType = text.plist.xml; path = Info.plist; sourceTree = "<group>"; };
		FE8FDF9F28AA738400581578 /* PushNotificationPayload.apns */ = {isa = PBXFileReference; lastKnownFileType = text; path = PushNotificationPayload.apns; sourceTree = "<group>"; };
		FE8FDFA428AA738400581578 /* MyPVTests.xctest */ = {isa = PBXFileReference; explicitFileType = wrapper.cfbundle; includeInIndex = 0; path = MyPVTests.xctest; sourceTree = BUILT_PRODUCTS_DIR; };
		FE8FDFA828AA738400581578 /* MyPVTests.swift */ = {isa = PBXFileReference; lastKnownFileType = sourcecode.swift; path = MyPVTests.swift; sourceTree = "<group>"; };
		FE8FDFAE28AA738400581578 /* MyPVUITests.xctest */ = {isa = PBXFileReference; explicitFileType = wrapper.cfbundle; includeInIndex = 0; path = MyPVUITests.xctest; sourceTree = BUILT_PRODUCTS_DIR; };
		FE8FDFB228AA738400581578 /* MyPVUITests.swift */ = {isa = PBXFileReference; lastKnownFileType = sourcecode.swift; path = MyPVUITests.swift; sourceTree = "<group>"; };
		FE8FDFB428AA738400581578 /* MyPVUITestsLaunchTests.swift */ = {isa = PBXFileReference; lastKnownFileType = sourcecode.swift; path = MyPVUITestsLaunchTests.swift; sourceTree = "<group>"; };
		FE8FDFC928AA73C900581578 /* Constants.swift */ = {isa = PBXFileReference; lastKnownFileType = sourcecode.swift; path = Constants.swift; sourceTree = "<group>"; };
		FE8FDFCB28AA741A00581578 /* DataRepository.swift */ = {isa = PBXFileReference; lastKnownFileType = sourcecode.swift; path = DataRepository.swift; sourceTree = "<group>"; };
		FE8FDFCD28AA777400581578 /* MainViewModel.swift */ = {isa = PBXFileReference; lastKnownFileType = sourcecode.swift; path = MainViewModel.swift; sourceTree = "<group>"; };
		FECEB7E728ABCF55001C478D /* ExtensionDelegate.swift */ = {isa = PBXFileReference; lastKnownFileType = sourcecode.swift; path = ExtensionDelegate.swift; sourceTree = "<group>"; };
/* End PBXFileReference section */

/* Begin PBXFrameworksBuildPhase section */
		FE8FDF8728AA738300581578 /* Frameworks */ = {
			isa = PBXFrameworksBuildPhase;
			buildActionMask = 2147483647;
			files = (
			);
			runOnlyForDeploymentPostprocessing = 0;
		};
		FE8FDFA128AA738400581578 /* Frameworks */ = {
			isa = PBXFrameworksBuildPhase;
			buildActionMask = 2147483647;
			files = (
			);
			runOnlyForDeploymentPostprocessing = 0;
		};
		FE8FDFAB28AA738400581578 /* Frameworks */ = {
			isa = PBXFrameworksBuildPhase;
			buildActionMask = 2147483647;
			files = (
			);
			runOnlyForDeploymentPostprocessing = 0;
		};
/* End PBXFrameworksBuildPhase section */

/* Begin PBXGroup section */
		FE664EB728ABBF80006ECF91 /* Extensions */ = {
			isa = PBXGroup;
			children = (
				FE664EB828ABBF9B006ECF91 /* Color+Extensions.swift */,
			);
			path = Extensions;
			sourceTree = "<group>";
		};
		FE8FDF7428AA738200581578 = {
			isa = PBXGroup;
			children = (
				FE8FDF8328AA738200581578 /* MyPV WatchKit App */,
				FE8FDF8E28AA738300581578 /* MyPV WatchKit Extension */,
				FE8FDFA728AA738400581578 /* MyPVTests */,
				FE8FDFB128AA738400581578 /* MyPVUITests */,
				FE8FDF7C28AA738200581578 /* Products */,
			);
			sourceTree = "<group>";
		};
		FE8FDF7C28AA738200581578 /* Products */ = {
			isa = PBXGroup;
			children = (
				FE8FDF7B28AA738200581578 /* MyPV.app */,
				FE8FDF7F28AA738200581578 /* MyPV WatchKit App.app */,
				FE8FDF8A28AA738300581578 /* MyPV WatchKit Extension.appex */,
				FE8FDFA428AA738400581578 /* MyPVTests.xctest */,
				FE8FDFAE28AA738400581578 /* MyPVUITests.xctest */,
			);
			name = Products;
			sourceTree = "<group>";
		};
		FE8FDF8328AA738200581578 /* MyPV WatchKit App */ = {
			isa = PBXGroup;
			children = (
				FE8FDF8428AA738300581578 /* Assets.xcassets */,
			);
			path = "MyPV WatchKit App";
			sourceTree = "<group>";
		};
		FE8FDF8E28AA738300581578 /* MyPV WatchKit Extension */ = {
			isa = PBXGroup;
			children = (
				FE664EB728ABBF80006ECF91 /* Extensions */,
				FE04A0F828AB74E400EA6EED /* BatteryCell.swift */,
				FE30B98A28AB6FC1009D4FC5 /* PvCell.swift */,
				FE8FDF8F28AA738300581578 /* MyPVApp.swift */,
				FE8FDF9128AA738300581578 /* ContentView.swift */,
				FE8FDF9328AA738300581578 /* NotificationController.swift */,
				FE8FDF9528AA738300581578 /* NotificationView.swift */,
				FE8FDF9728AA738300581578 /* ComplicationController.swift */,
				FE8FDF9928AA738400581578 /* Assets.xcassets */,
				FE8FDF9E28AA738400581578 /* Info.plist */,
				FE8FDF9F28AA738400581578 /* PushNotificationPayload.apns */,
				FE8FDF9B28AA738400581578 /* Preview Content */,
				FE8FDFC928AA73C900581578 /* Constants.swift */,
				FE8FDFCB28AA741A00581578 /* DataRepository.swift */,
				FE8FDFCD28AA777400581578 /* MainViewModel.swift */,
				FE794BA428AAD29600265FAB /* ConsumptionCell.swift */,
				FECEB7E728ABCF55001C478D /* ExtensionDelegate.swift */,
			);
			path = "MyPV WatchKit Extension";
			sourceTree = "<group>";
		};
		FE8FDF9B28AA738400581578 /* Preview Content */ = {
			isa = PBXGroup;
			children = (
				FE8FDF9C28AA738400581578 /* Preview Assets.xcassets */,
			);
			path = "Preview Content";
			sourceTree = "<group>";
		};
		FE8FDFA728AA738400581578 /* MyPVTests */ = {
			isa = PBXGroup;
			children = (
				FE8FDFA828AA738400581578 /* MyPVTests.swift */,
			);
			path = MyPVTests;
			sourceTree = "<group>";
		};
		FE8FDFB128AA738400581578 /* MyPVUITests */ = {
			isa = PBXGroup;
			children = (
				FE8FDFB228AA738400581578 /* MyPVUITests.swift */,
				FE8FDFB428AA738400581578 /* MyPVUITestsLaunchTests.swift */,
			);
			path = MyPVUITests;
			sourceTree = "<group>";
		};
/* End PBXGroup section */

/* Begin PBXNativeTarget section */
		FE8FDF7A28AA738200581578 /* MyPV */ = {
			isa = PBXNativeTarget;
			buildConfigurationList = FE8FDFC028AA738400581578 /* Build configuration list for PBXNativeTarget "MyPV" */;
			buildPhases = (
				FE8FDF7928AA738200581578 /* Resources */,
				FE8FDFBF28AA738400581578 /* Embed Watch Content */,
			);
			buildRules = (
			);
			dependencies = (
				FE8FDF8228AA738200581578 /* PBXTargetDependency */,
			);
			name = MyPV;
			productName = MyPV;
			productReference = FE8FDF7B28AA738200581578 /* MyPV.app */;
			productType = "com.apple.product-type.application.watchapp2-container";
		};
		FE8FDF7E28AA738200581578 /* MyPV WatchKit App */ = {
			isa = PBXNativeTarget;
			buildConfigurationList = FE8FDFBC28AA738400581578 /* Build configuration list for PBXNativeTarget "MyPV WatchKit App" */;
			buildPhases = (
				FE8FDF7D28AA738200581578 /* Resources */,
				FE8FDFBB28AA738400581578 /* Embed App Extensions */,
			);
			buildRules = (
			);
			dependencies = (
				FE8FDF8D28AA738300581578 /* PBXTargetDependency */,
			);
			name = "MyPV WatchKit App";
			productName = "MyPV WatchKit App";
			productReference = FE8FDF7F28AA738200581578 /* MyPV WatchKit App.app */;
			productType = "com.apple.product-type.application.watchapp2";
		};
		FE8FDF8928AA738300581578 /* MyPV WatchKit Extension */ = {
			isa = PBXNativeTarget;
			buildConfigurationList = FE8FDFB828AA738400581578 /* Build configuration list for PBXNativeTarget "MyPV WatchKit Extension" */;
			buildPhases = (
				FE8FDF8628AA738300581578 /* Sources */,
				FE8FDF8728AA738300581578 /* Frameworks */,
				FE8FDF8828AA738300581578 /* Resources */,
			);
			buildRules = (
			);
			dependencies = (
			);
			name = "MyPV WatchKit Extension";
			productName = "MyPV WatchKit Extension";
			productReference = FE8FDF8A28AA738300581578 /* MyPV WatchKit Extension.appex */;
			productType = "com.apple.product-type.watchkit2-extension";
		};
		FE8FDFA328AA738400581578 /* MyPVTests */ = {
			isa = PBXNativeTarget;
			buildConfigurationList = FE8FDFC328AA738400581578 /* Build configuration list for PBXNativeTarget "MyPVTests" */;
			buildPhases = (
				FE8FDFA028AA738400581578 /* Sources */,
				FE8FDFA128AA738400581578 /* Frameworks */,
				FE8FDFA228AA738400581578 /* Resources */,
			);
			buildRules = (
			);
			dependencies = (
				FE8FDFA628AA738400581578 /* PBXTargetDependency */,
			);
			name = MyPVTests;
			productName = MyPVTests;
			productReference = FE8FDFA428AA738400581578 /* MyPVTests.xctest */;
			productType = "com.apple.product-type.bundle.unit-test";
		};
		FE8FDFAD28AA738400581578 /* MyPVUITests */ = {
			isa = PBXNativeTarget;
			buildConfigurationList = FE8FDFC628AA738400581578 /* Build configuration list for PBXNativeTarget "MyPVUITests" */;
			buildPhases = (
				FE8FDFAA28AA738400581578 /* Sources */,
				FE8FDFAB28AA738400581578 /* Frameworks */,
				FE8FDFAC28AA738400581578 /* Resources */,
			);
			buildRules = (
			);
			dependencies = (
				FE8FDFB028AA738400581578 /* PBXTargetDependency */,
			);
			name = MyPVUITests;
			productName = MyPVUITests;
			productReference = FE8FDFAE28AA738400581578 /* MyPVUITests.xctest */;
			productType = "com.apple.product-type.bundle.ui-testing";
		};
/* End PBXNativeTarget section */

/* Begin PBXProject section */
		FE8FDF7528AA738200581578 /* Project object */ = {
			isa = PBXProject;
			attributes = {
				BuildIndependentTargetsInParallel = 1;
				LastSwiftUpdateCheck = 1340;
				LastUpgradeCheck = 1340;
				TargetAttributes = {
					FE8FDF7A28AA738200581578 = {
						CreatedOnToolsVersion = 13.4.1;
					};
					FE8FDF7E28AA738200581578 = {
						CreatedOnToolsVersion = 13.4.1;
					};
					FE8FDF8928AA738300581578 = {
						CreatedOnToolsVersion = 13.4.1;
					};
					FE8FDFA328AA738400581578 = {
						CreatedOnToolsVersion = 13.4.1;
						TestTargetID = FE8FDF8928AA738300581578;
					};
					FE8FDFAD28AA738400581578 = {
						CreatedOnToolsVersion = 13.4.1;
						TestTargetID = FE8FDF7E28AA738200581578;
					};
				};
			};
			buildConfigurationList = FE8FDF7828AA738200581578 /* Build configuration list for PBXProject "MyPV" */;
			compatibilityVersion = "Xcode 13.0";
			developmentRegion = en;
			hasScannedForEncodings = 0;
			knownRegions = (
				en,
				Base,
			);
			mainGroup = FE8FDF7428AA738200581578;
			productRefGroup = FE8FDF7C28AA738200581578 /* Products */;
			projectDirPath = "";
			projectRoot = "";
			targets = (
				FE8FDF7A28AA738200581578 /* MyPV */,
				FE8FDF7E28AA738200581578 /* MyPV WatchKit App */,
				FE8FDF8928AA738300581578 /* MyPV WatchKit Extension */,
				FE8FDFA328AA738400581578 /* MyPVTests */,
				FE8FDFAD28AA738400581578 /* MyPVUITests */,
			);
		};
/* End PBXProject section */

/* Begin PBXResourcesBuildPhase section */
		FE8FDF7928AA738200581578 /* Resources */ = {
			isa = PBXResourcesBuildPhase;
			buildActionMask = 2147483647;
			files = (
			);
			runOnlyForDeploymentPostprocessing = 0;
		};
		FE8FDF7D28AA738200581578 /* Resources */ = {
			isa = PBXResourcesBuildPhase;
			buildActionMask = 2147483647;
			files = (
				FE8FDF8528AA738300581578 /* Assets.xcassets in Resources */,
			);
			runOnlyForDeploymentPostprocessing = 0;
		};
		FE8FDF8828AA738300581578 /* Resources */ = {
			isa = PBXResourcesBuildPhase;
			buildActionMask = 2147483647;
			files = (
				FE8FDF9D28AA738400581578 /* Preview Assets.xcassets in Resources */,
				FE8FDF9A28AA738400581578 /* Assets.xcassets in Resources */,
			);
			runOnlyForDeploymentPostprocessing = 0;
		};
		FE8FDFA228AA738400581578 /* Resources */ = {
			isa = PBXResourcesBuildPhase;
			buildActionMask = 2147483647;
			files = (
			);
			runOnlyForDeploymentPostprocessing = 0;
		};
		FE8FDFAC28AA738400581578 /* Resources */ = {
			isa = PBXResourcesBuildPhase;
			buildActionMask = 2147483647;
			files = (
			);
			runOnlyForDeploymentPostprocessing = 0;
		};
/* End PBXResourcesBuildPhase section */

/* Begin PBXSourcesBuildPhase section */
		FE8FDF8628AA738300581578 /* Sources */ = {
			isa = PBXSourcesBuildPhase;
			buildActionMask = 2147483647;
			files = (
				FE8FDF9428AA738300581578 /* NotificationController.swift in Sources */,
				FE8FDF9228AA738300581578 /* ContentView.swift in Sources */,
				FE794BA528AAD29600265FAB /* ConsumptionCell.swift in Sources */,
				FECEB7E828ABCF55001C478D /* ExtensionDelegate.swift in Sources */,
				FE30B98B28AB6FC1009D4FC5 /* PvCell.swift in Sources */,
				FE8FDF9828AA738300581578 /* ComplicationController.swift in Sources */,
				FE8FDF9028AA738300581578 /* MyPVApp.swift in Sources */,
				FE8FDF9628AA738300581578 /* NotificationView.swift in Sources */,
				FE04A0F928AB74E400EA6EED /* BatteryCell.swift in Sources */,
				FE8FDFCE28AA777400581578 /* MainViewModel.swift in Sources */,
				FE8FDFCA28AA73C900581578 /* Constants.swift in Sources */,
				FE8FDFCC28AA741A00581578 /* DataRepository.swift in Sources */,
				FE664EB928ABBF9B006ECF91 /* Color+Extensions.swift in Sources */,
			);
			runOnlyForDeploymentPostprocessing = 0;
		};
		FE8FDFA028AA738400581578 /* Sources */ = {
			isa = PBXSourcesBuildPhase;
			buildActionMask = 2147483647;
			files = (
				FE8FDFA928AA738400581578 /* MyPVTests.swift in Sources */,
			);
			runOnlyForDeploymentPostprocessing = 0;
		};
		FE8FDFAA28AA738400581578 /* Sources */ = {
			isa = PBXSourcesBuildPhase;
			buildActionMask = 2147483647;
			files = (
				FE8FDFB528AA738400581578 /* MyPVUITestsLaunchTests.swift in Sources */,
				FE8FDFB328AA738400581578 /* MyPVUITests.swift in Sources */,
			);
			runOnlyForDeploymentPostprocessing = 0;
		};
/* End PBXSourcesBuildPhase section */

/* Begin PBXTargetDependency section */
		FE8FDF8228AA738200581578 /* PBXTargetDependency */ = {
			isa = PBXTargetDependency;
			target = FE8FDF7E28AA738200581578 /* MyPV WatchKit App */;
			targetProxy = FE8FDF8128AA738200581578 /* PBXContainerItemProxy */;
		};
		FE8FDF8D28AA738300581578 /* PBXTargetDependency */ = {
			isa = PBXTargetDependency;
			target = FE8FDF8928AA738300581578 /* MyPV WatchKit Extension */;
			targetProxy = FE8FDF8C28AA738300581578 /* PBXContainerItemProxy */;
		};
		FE8FDFA628AA738400581578 /* PBXTargetDependency */ = {
			isa = PBXTargetDependency;
			target = FE8FDF8928AA738300581578 /* MyPV WatchKit Extension */;
			targetProxy = FE8FDFA528AA738400581578 /* PBXContainerItemProxy */;
		};
		FE8FDFB028AA738400581578 /* PBXTargetDependency */ = {
			isa = PBXTargetDependency;
			target = FE8FDF7E28AA738200581578 /* MyPV WatchKit App */;
			targetProxy = FE8FDFAF28AA738400581578 /* PBXContainerItemProxy */;
		};
/* End PBXTargetDependency section */

/* Begin XCBuildConfiguration section */
		FE8FDFB628AA738400581578 /* Debug */ = {
			isa = XCBuildConfiguration;
			buildSettings = {
				ALWAYS_SEARCH_USER_PATHS = NO;
				CLANG_ANALYZER_NONNULL = YES;
				CLANG_ANALYZER_NUMBER_OBJECT_CONVERSION = YES_AGGRESSIVE;
				CLANG_CXX_LANGUAGE_STANDARD = "gnu++17";
				CLANG_ENABLE_MODULES = YES;
				CLANG_ENABLE_OBJC_ARC = YES;
				CLANG_ENABLE_OBJC_WEAK = YES;
				CLANG_WARN_BLOCK_CAPTURE_AUTORELEASING = YES;
				CLANG_WARN_BOOL_CONVERSION = YES;
				CLANG_WARN_COMMA = YES;
				CLANG_WARN_CONSTANT_CONVERSION = YES;
				CLANG_WARN_DEPRECATED_OBJC_IMPLEMENTATIONS = YES;
				CLANG_WARN_DIRECT_OBJC_ISA_USAGE = YES_ERROR;
				CLANG_WARN_DOCUMENTATION_COMMENTS = YES;
				CLANG_WARN_EMPTY_BODY = YES;
				CLANG_WARN_ENUM_CONVERSION = YES;
				CLANG_WARN_INFINITE_RECURSION = YES;
				CLANG_WARN_INT_CONVERSION = YES;
				CLANG_WARN_NON_LITERAL_NULL_CONVERSION = YES;
				CLANG_WARN_OBJC_IMPLICIT_RETAIN_SELF = YES;
				CLANG_WARN_OBJC_LITERAL_CONVERSION = YES;
				CLANG_WARN_OBJC_ROOT_CLASS = YES_ERROR;
				CLANG_WARN_QUOTED_INCLUDE_IN_FRAMEWORK_HEADER = YES;
				CLANG_WARN_RANGE_LOOP_ANALYSIS = YES;
				CLANG_WARN_STRICT_PROTOTYPES = YES;
				CLANG_WARN_SUSPICIOUS_MOVE = YES;
				CLANG_WARN_UNGUARDED_AVAILABILITY = YES_AGGRESSIVE;
				CLANG_WARN_UNREACHABLE_CODE = YES;
				CLANG_WARN__DUPLICATE_METHOD_MATCH = YES;
				COPY_PHASE_STRIP = NO;
				DEBUG_INFORMATION_FORMAT = dwarf;
				ENABLE_STRICT_OBJC_MSGSEND = YES;
				ENABLE_TESTABILITY = YES;
				GCC_C_LANGUAGE_STANDARD = gnu11;
				GCC_DYNAMIC_NO_PIC = NO;
				GCC_NO_COMMON_BLOCKS = YES;
				GCC_OPTIMIZATION_LEVEL = 0;
				GCC_PREPROCESSOR_DEFINITIONS = (
					"DEBUG=1",
					"$(inherited)",
				);
				GCC_WARN_64_TO_32_BIT_CONVERSION = YES;
				GCC_WARN_ABOUT_RETURN_TYPE = YES_ERROR;
				GCC_WARN_UNDECLARED_SELECTOR = YES;
				GCC_WARN_UNINITIALIZED_AUTOS = YES_AGGRESSIVE;
				GCC_WARN_UNUSED_FUNCTION = YES;
				GCC_WARN_UNUSED_VARIABLE = YES;
				MTL_ENABLE_DEBUG_INFO = INCLUDE_SOURCE;
				MTL_FAST_MATH = YES;
				ONLY_ACTIVE_ARCH = YES;
				SDKROOT = iphoneos;
				SWIFT_ACTIVE_COMPILATION_CONDITIONS = DEBUG;
				SWIFT_OPTIMIZATION_LEVEL = "-Onone";
			};
			name = Debug;
		};
		FE8FDFB728AA738400581578 /* Release */ = {
			isa = XCBuildConfiguration;
			buildSettings = {
				ALWAYS_SEARCH_USER_PATHS = NO;
				CLANG_ANALYZER_NONNULL = YES;
				CLANG_ANALYZER_NUMBER_OBJECT_CONVERSION = YES_AGGRESSIVE;
				CLANG_CXX_LANGUAGE_STANDARD = "gnu++17";
				CLANG_ENABLE_MODULES = YES;
				CLANG_ENABLE_OBJC_ARC = YES;
				CLANG_ENABLE_OBJC_WEAK = YES;
				CLANG_WARN_BLOCK_CAPTURE_AUTORELEASING = YES;
				CLANG_WARN_BOOL_CONVERSION = YES;
				CLANG_WARN_COMMA = YES;
				CLANG_WARN_CONSTANT_CONVERSION = YES;
				CLANG_WARN_DEPRECATED_OBJC_IMPLEMENTATIONS = YES;
				CLANG_WARN_DIRECT_OBJC_ISA_USAGE = YES_ERROR;
				CLANG_WARN_DOCUMENTATION_COMMENTS = YES;
				CLANG_WARN_EMPTY_BODY = YES;
				CLANG_WARN_ENUM_CONVERSION = YES;
				CLANG_WARN_INFINITE_RECURSION = YES;
				CLANG_WARN_INT_CONVERSION = YES;
				CLANG_WARN_NON_LITERAL_NULL_CONVERSION = YES;
				CLANG_WARN_OBJC_IMPLICIT_RETAIN_SELF = YES;
				CLANG_WARN_OBJC_LITERAL_CONVERSION = YES;
				CLANG_WARN_OBJC_ROOT_CLASS = YES_ERROR;
				CLANG_WARN_QUOTED_INCLUDE_IN_FRAMEWORK_HEADER = YES;
				CLANG_WARN_RANGE_LOOP_ANALYSIS = YES;
				CLANG_WARN_STRICT_PROTOTYPES = YES;
				CLANG_WARN_SUSPICIOUS_MOVE = YES;
				CLANG_WARN_UNGUARDED_AVAILABILITY = YES_AGGRESSIVE;
				CLANG_WARN_UNREACHABLE_CODE = YES;
				CLANG_WARN__DUPLICATE_METHOD_MATCH = YES;
				COPY_PHASE_STRIP = NO;
				DEBUG_INFORMATION_FORMAT = "dwarf-with-dsym";
				ENABLE_NS_ASSERTIONS = NO;
				ENABLE_STRICT_OBJC_MSGSEND = YES;
				GCC_C_LANGUAGE_STANDARD = gnu11;
				GCC_NO_COMMON_BLOCKS = YES;
				GCC_WARN_64_TO_32_BIT_CONVERSION = YES;
				GCC_WARN_ABOUT_RETURN_TYPE = YES_ERROR;
				GCC_WARN_UNDECLARED_SELECTOR = YES;
				GCC_WARN_UNINITIALIZED_AUTOS = YES_AGGRESSIVE;
				GCC_WARN_UNUSED_FUNCTION = YES;
				GCC_WARN_UNUSED_VARIABLE = YES;
				MTL_ENABLE_DEBUG_INFO = NO;
				MTL_FAST_MATH = YES;
				SDKROOT = iphoneos;
				SWIFT_COMPILATION_MODE = wholemodule;
				SWIFT_OPTIMIZATION_LEVEL = "-O";
				VALIDATE_PRODUCT = YES;
			};
			name = Release;
		};
		FE8FDFB928AA738400581578 /* Debug */ = {
			isa = XCBuildConfiguration;
			buildSettings = {
				ASSETCATALOG_COMPILER_COMPLICATION_NAME = Complication;
				CODE_SIGN_STYLE = Automatic;
				CURRENT_PROJECT_VERSION = 1;
				DEVELOPMENT_ASSET_PATHS = "\"MyPV WatchKit Extension/Preview Content\"";
				DEVELOPMENT_TEAM = 3SXRZ8J7UJ;
				ENABLE_PREVIEWS = YES;
				GENERATE_INFOPLIST_FILE = YES;
				INFOPLIST_FILE = "MyPV WatchKit Extension/Info.plist";
				INFOPLIST_KEY_CFBundleDisplayName = MyPV;
				INFOPLIST_KEY_CLKComplicationPrincipalClass = MyPV_WatchKit_Extension.ComplicationController;
				INFOPLIST_KEY_NSHumanReadableCopyright = "";
				INFOPLIST_KEY_WKWatchOnly = YES;
				LD_RUNPATH_SEARCH_PATHS = (
					"$(inherited)",
					"@executable_path/Frameworks",
					"@executable_path/../../Frameworks",
				);
				MARKETING_VERSION = 1.0;
				PRODUCT_BUNDLE_IDENTIFIER = de.hellmann.MyPV.watchkitapp.watchkitextension;
				PRODUCT_NAME = "${TARGET_NAME}";
				SDKROOT = watchos;
				SKIP_INSTALL = YES;
				SWIFT_EMIT_LOC_STRINGS = YES;
				SWIFT_VERSION = 5.0;
				TARGETED_DEVICE_FAMILY = 4;
				WATCHOS_DEPLOYMENT_TARGET = 8.5;
			};
			name = Debug;
		};
		FE8FDFBA28AA738400581578 /* Release */ = {
			isa = XCBuildConfiguration;
			buildSettings = {
				ASSETCATALOG_COMPILER_COMPLICATION_NAME = Complication;
				CODE_SIGN_STYLE = Automatic;
				CURRENT_PROJECT_VERSION = 1;
				DEVELOPMENT_ASSET_PATHS = "\"MyPV WatchKit Extension/Preview Content\"";
				DEVELOPMENT_TEAM = 3SXRZ8J7UJ;
				ENABLE_PREVIEWS = YES;
				GENERATE_INFOPLIST_FILE = YES;
				INFOPLIST_FILE = "MyPV WatchKit Extension/Info.plist";
				INFOPLIST_KEY_CFBundleDisplayName = MyPV;
				INFOPLIST_KEY_CLKComplicationPrincipalClass = MyPV_WatchKit_Extension.ComplicationController;
				INFOPLIST_KEY_NSHumanReadableCopyright = "";
				INFOPLIST_KEY_WKWatchOnly = YES;
				LD_RUNPATH_SEARCH_PATHS = (
					"$(inherited)",
					"@executable_path/Frameworks",
					"@executable_path/../../Frameworks",
				);
				MARKETING_VERSION = 1.0;
				PRODUCT_BUNDLE_IDENTIFIER = de.hellmann.MyPV.watchkitapp.watchkitextension;
				PRODUCT_NAME = "${TARGET_NAME}";
				SDKROOT = watchos;
				SKIP_INSTALL = YES;
				SWIFT_EMIT_LOC_STRINGS = YES;
				SWIFT_VERSION = 5.0;
				TARGETED_DEVICE_FAMILY = 4;
				WATCHOS_DEPLOYMENT_TARGET = 8.5;
			};
			name = Release;
		};
		FE8FDFBD28AA738400581578 /* Debug */ = {
			isa = XCBuildConfiguration;
			buildSettings = {
				ALWAYS_EMBED_SWIFT_STANDARD_LIBRARIES = YES;
				ASSETCATALOG_COMPILER_APPICON_NAME = AppIcon;
				ASSETCATALOG_COMPILER_GLOBAL_ACCENT_COLOR_NAME = AccentColor;
				CODE_SIGN_STYLE = Automatic;
				CURRENT_PROJECT_VERSION = 1;
				DEVELOPMENT_TEAM = 3SXRZ8J7UJ;
				GENERATE_INFOPLIST_FILE = YES;
				IBSC_MODULE = MyPV_WatchKit_Extension;
				INFOPLIST_KEY_CFBundleDisplayName = "MyPV WatchKit App";
				INFOPLIST_KEY_UISupportedInterfaceOrientations = "UIInterfaceOrientationPortrait UIInterfaceOrientationPortraitUpsideDown";
				MARKETING_VERSION = 1.0;
				PRODUCT_BUNDLE_IDENTIFIER = de.hellmann.MyPV.watchkitapp;
				PRODUCT_NAME = "$(TARGET_NAME)";
				SDKROOT = watchos;
				SKIP_INSTALL = YES;
				SWIFT_EMIT_LOC_STRINGS = YES;
				SWIFT_VERSION = 5.0;
				TARGETED_DEVICE_FAMILY = 4;
				WATCHOS_DEPLOYMENT_TARGET = 8.5;
			};
			name = Debug;
		};
		FE8FDFBE28AA738400581578 /* Release */ = {
			isa = XCBuildConfiguration;
			buildSettings = {
				ALWAYS_EMBED_SWIFT_STANDARD_LIBRARIES = YES;
				ASSETCATALOG_COMPILER_APPICON_NAME = AppIcon;
				ASSETCATALOG_COMPILER_GLOBAL_ACCENT_COLOR_NAME = AccentColor;
				CODE_SIGN_STYLE = Automatic;
				CURRENT_PROJECT_VERSION = 1;
				DEVELOPMENT_TEAM = 3SXRZ8J7UJ;
				GENERATE_INFOPLIST_FILE = YES;
				IBSC_MODULE = MyPV_WatchKit_Extension;
				INFOPLIST_KEY_CFBundleDisplayName = "MyPV WatchKit App";
				INFOPLIST_KEY_UISupportedInterfaceOrientations = "UIInterfaceOrientationPortrait UIInterfaceOrientationPortraitUpsideDown";
				MARKETING_VERSION = 1.0;
				PRODUCT_BUNDLE_IDENTIFIER = de.hellmann.MyPV.watchkitapp;
				PRODUCT_NAME = "$(TARGET_NAME)";
				SDKROOT = watchos;
				SKIP_INSTALL = YES;
				SWIFT_EMIT_LOC_STRINGS = YES;
				SWIFT_VERSION = 5.0;
				TARGETED_DEVICE_FAMILY = 4;
				WATCHOS_DEPLOYMENT_TARGET = 8.5;
			};
			name = Release;
		};
		FE8FDFC128AA738400581578 /* Debug */ = {
			isa = XCBuildConfiguration;
			buildSettings = {
				CODE_SIGN_STYLE = Automatic;
				CURRENT_PROJECT_VERSION = 1;
				DEVELOPMENT_TEAM = 3SXRZ8J7UJ;
				MARKETING_VERSION = 1.0;
				PRODUCT_BUNDLE_IDENTIFIER = de.hellmann.MyPV;
				PRODUCT_NAME = "$(TARGET_NAME)";
				SWIFT_VERSION = 5.0;
			};
			name = Debug;
		};
		FE8FDFC228AA738400581578 /* Release */ = {
			isa = XCBuildConfiguration;
			buildSettings = {
				CODE_SIGN_STYLE = Automatic;
				CURRENT_PROJECT_VERSION = 1;
				DEVELOPMENT_TEAM = 3SXRZ8J7UJ;
				MARKETING_VERSION = 1.0;
				PRODUCT_BUNDLE_IDENTIFIER = de.hellmann.MyPV;
				PRODUCT_NAME = "$(TARGET_NAME)";
				SWIFT_VERSION = 5.0;
			};
			name = Release;
		};
		FE8FDFC428AA738400581578 /* Debug */ = {
			isa = XCBuildConfiguration;
			buildSettings = {
				ALWAYS_EMBED_SWIFT_STANDARD_LIBRARIES = YES;
				BUNDLE_LOADER = "$(TEST_HOST)";
				CODE_SIGN_STYLE = Automatic;
				CURRENT_PROJECT_VERSION = 1;
				DEVELOPMENT_TEAM = 3SXRZ8J7UJ;
				GENERATE_INFOPLIST_FILE = YES;
				MARKETING_VERSION = 1.0;
				PRODUCT_BUNDLE_IDENTIFIER = de.hellmann.MyPVTests;
				PRODUCT_NAME = "$(TARGET_NAME)";
				SDKROOT = watchos;
				SWIFT_EMIT_LOC_STRINGS = NO;
				SWIFT_VERSION = 5.0;
				TARGETED_DEVICE_FAMILY = 4;
				TEST_HOST = "$(BUILT_PRODUCTS_DIR)/MyPV WatchKit Extension.appex/MyPV WatchKit Extension";
				WATCHOS_DEPLOYMENT_TARGET = 8.5;
			};
			name = Debug;
		};
		FE8FDFC528AA738400581578 /* Release */ = {
			isa = XCBuildConfiguration;
			buildSettings = {
				ALWAYS_EMBED_SWIFT_STANDARD_LIBRARIES = YES;
				BUNDLE_LOADER = "$(TEST_HOST)";
				CODE_SIGN_STYLE = Automatic;
				CURRENT_PROJECT_VERSION = 1;
				DEVELOPMENT_TEAM = 3SXRZ8J7UJ;
				GENERATE_INFOPLIST_FILE = YES;
				MARKETING_VERSION = 1.0;
				PRODUCT_BUNDLE_IDENTIFIER = de.hellmann.MyPVTests;
				PRODUCT_NAME = "$(TARGET_NAME)";
				SDKROOT = watchos;
				SWIFT_EMIT_LOC_STRINGS = NO;
				SWIFT_VERSION = 5.0;
				TARGETED_DEVICE_FAMILY = 4;
				TEST_HOST = "$(BUILT_PRODUCTS_DIR)/MyPV WatchKit Extension.appex/MyPV WatchKit Extension";
				WATCHOS_DEPLOYMENT_TARGET = 8.5;
			};
			name = Release;
		};
		FE8FDFC728AA738400581578 /* Debug */ = {
			isa = XCBuildConfiguration;
			buildSettings = {
				CODE_SIGN_STYLE = Automatic;
				CURRENT_PROJECT_VERSION = 1;
				DEVELOPMENT_TEAM = 3SXRZ8J7UJ;
				GENERATE_INFOPLIST_FILE = YES;
				MARKETING_VERSION = 1.0;
				PRODUCT_BUNDLE_IDENTIFIER = de.hellmann.MyPVUITests;
				PRODUCT_NAME = "$(TARGET_NAME)";
				SDKROOT = watchos;
				SWIFT_EMIT_LOC_STRINGS = NO;
				SWIFT_VERSION = 5.0;
				TARGETED_DEVICE_FAMILY = 4;
				TEST_TARGET_NAME = "MyPV WatchKit App";
				WATCHOS_DEPLOYMENT_TARGET = 8.5;
			};
			name = Debug;
		};
		FE8FDFC828AA738400581578 /* Release */ = {
			isa = XCBuildConfiguration;
			buildSettings = {
				CODE_SIGN_STYLE = Automatic;
				CURRENT_PROJECT_VERSION = 1;
				DEVELOPMENT_TEAM = 3SXRZ8J7UJ;
				GENERATE_INFOPLIST_FILE = YES;
				MARKETING_VERSION = 1.0;
				PRODUCT_BUNDLE_IDENTIFIER = de.hellmann.MyPVUITests;
				PRODUCT_NAME = "$(TARGET_NAME)";
				SDKROOT = watchos;
				SWIFT_EMIT_LOC_STRINGS = NO;
				SWIFT_VERSION = 5.0;
				TARGETED_DEVICE_FAMILY = 4;
				TEST_TARGET_NAME = "MyPV WatchKit App";
				WATCHOS_DEPLOYMENT_TARGET = 8.5;
			};
			name = Release;
		};
/* End XCBuildConfiguration section */

/* Begin XCConfigurationList section */
		FE8FDF7828AA738200581578 /* Build configuration list for PBXProject "MyPV" */ = {
			isa = XCConfigurationList;
			buildConfigurations = (
				FE8FDFB628AA738400581578 /* Debug */,
				FE8FDFB728AA738400581578 /* Release */,
			);
			defaultConfigurationIsVisible = 0;
			defaultConfigurationName = Release;
		};
		FE8FDFB828AA738400581578 /* Build configuration list for PBXNativeTarget "MyPV WatchKit Extension" */ = {
			isa = XCConfigurationList;
			buildConfigurations = (
				FE8FDFB928AA738400581578 /* Debug */,
				FE8FDFBA28AA738400581578 /* Release */,
			);
			defaultConfigurationIsVisible = 0;
			defaultConfigurationName = Release;
		};
		FE8FDFBC28AA738400581578 /* Build configuration list for PBXNativeTarget "MyPV WatchKit App" */ = {
			isa = XCConfigurationList;
			buildConfigurations = (
				FE8FDFBD28AA738400581578 /* Debug */,
				FE8FDFBE28AA738400581578 /* Release */,
			);
			defaultConfigurationIsVisible = 0;
			defaultConfigurationName = Release;
		};
		FE8FDFC028AA738400581578 /* Build configuration list for PBXNativeTarget "MyPV" */ = {
			isa = XCConfigurationList;
			buildConfigurations = (
				FE8FDFC128AA738400581578 /* Debug */,
				FE8FDFC228AA738400581578 /* Release */,
			);
			defaultConfigurationIsVisible = 0;
			defaultConfigurationName = Release;
		};
		FE8FDFC328AA738400581578 /* Build configuration list for PBXNativeTarget "MyPVTests" */ = {
			isa = XCConfigurationList;
			buildConfigurations = (
				FE8FDFC428AA738400581578 /* Debug */,
				FE8FDFC528AA738400581578 /* Release */,
			);
			defaultConfigurationIsVisible = 0;
			defaultConfigurationName = Release;
		};
		FE8FDFC628AA738400581578 /* Build configuration list for PBXNativeTarget "MyPVUITests" */ = {
			isa = XCConfigurationList;
			buildConfigurations = (
				FE8FDFC728AA738400581578 /* Debug */,
				FE8FDFC828AA738400581578 /* Release */,
			);
			defaultConfigurationIsVisible = 0;
			defaultConfigurationName = Release;
		};
/* End XCConfigurationList section */
	};
	rootObject = FE8FDF7528AA738200581578 /* Project object */;
}
